// !$*UTF8*$!
{
	archiveVersion = 1;
	classes = {
	};
	objectVersion = 46;
	objects = {

/* Begin PBXBuildFile section */
		1A015ABF1B26BD270003BDDE /* AppDelegate.m in Sources */ = {isa = PBXBuildFile; fileRef = 1A015ABE1B26BD270003BDDE /* AppDelegate.m */; };
		1A015AC11B26BD270003BDDE /* main.m in Sources */ = {isa = PBXBuildFile; fileRef = 1A015AC01B26BD270003BDDE /* main.m */; };
		1A015AC31B26BD270003BDDE /* Images.xcassets in Resources */ = {isa = PBXBuildFile; fileRef = 1A015AC21B26BD270003BDDE /* Images.xcassets */; };
		1A015AC61B26BD270003BDDE /* MainMenu.xib in Resources */ = {isa = PBXBuildFile; fileRef = 1A015AC41B26BD270003BDDE /* MainMenu.xib */; };
		1A015AD21B26BD270003BDDE /* V2PTests.m in Sources */ = {isa = PBXBuildFile; fileRef = 1A015AD11B26BD270003BDDE /* V2PTests.m */; };
/* End PBXBuildFile section */

/* Begin PBXContainerItemProxy section */
		1A015ACC1B26BD270003BDDE /* PBXContainerItemProxy */ = {
			isa = PBXContainerItemProxy;
			containerPortal = 1A015AB01B26BD270003BDDE /* Project object */;
			proxyType = 1;
			remoteGlobalIDString = 1A015AB71B26BD270003BDDE;
			remoteInfo = V2P;
		};
/* End PBXContainerItemProxy section */

/* Begin PBXFileReference section */
		1A015AB81B26BD270003BDDE /* V2P.app */ = {isa = PBXFileReference; explicitFileType = wrapper.application; includeInIndex = 0; path = V2P.app; sourceTree = BUILT_PRODUCTS_DIR; };
		1A015ABC1B26BD270003BDDE /* Info.plist */ = {isa = PBXFileReference; lastKnownFileType = text.plist.xml; path = Info.plist; sourceTree = "<group>"; };
		1A015ABD1B26BD270003BDDE /* AppDelegate.h */ = {isa = PBXFileReference; lastKnownFileType = sourcecode.c.h; path = AppDelegate.h; sourceTree = "<group>"; };
		1A015ABE1B26BD270003BDDE /* AppDelegate.m */ = {isa = PBXFileReference; lastKnownFileType = sourcecode.c.objc; path = AppDelegate.m; sourceTree = "<group>"; };
		1A015AC01B26BD270003BDDE /* main.m */ = {isa = PBXFileReference; lastKnownFileType = sourcecode.c.objc; path = main.m; sourceTree = "<group>"; };
		1A015AC21B26BD270003BDDE /* Images.xcassets */ = {isa = PBXFileReference; lastKnownFileType = folder.assetcatalog; path = Images.xcassets; sourceTree = "<group>"; };
		1A015AC51B26BD270003BDDE /* Base */ = {isa = PBXFileReference; lastKnownFileType = file.xib; name = Base; path = Base.lproj/MainMenu.xib; sourceTree = "<group>"; };
		1A015ACB1B26BD270003BDDE /* V2PTests.xctest */ = {isa = PBXFileReference; explicitFileType = wrapper.cfbundle; includeInIndex = 0; path = V2PTests.xctest; sourceTree = BUILT_PRODUCTS_DIR; };
		1A015AD01B26BD270003BDDE /* Info.plist */ = {isa = PBXFileReference; lastKnownFileType = text.plist.xml; path = Info.plist; sourceTree = "<group>"; };
		1A015AD11B26BD270003BDDE /* V2PTests.m */ = {isa = PBXFileReference; lastKnownFileType = sourcecode.c.objc; path = V2PTests.m; sourceTree = "<group>"; };
/* End PBXFileReference section */

/* Begin PBXFrameworksBuildPhase section */
		1A015AB51B26BD270003BDDE /* Frameworks */ = {
			isa = PBXFrameworksBuildPhase;
			buildActionMask = 2147483647;
			files = (
			);
			runOnlyForDeploymentPostprocessing = 0;
		};
		1A015AC81B26BD270003BDDE /* Frameworks */ = {
			isa = PBXFrameworksBuildPhase;
			buildActionMask = 2147483647;
			files = (
			);
			runOnlyForDeploymentPostprocessing = 0;
		};
/* End PBXFrameworksBuildPhase section */

/* Begin PBXGroup section */
		1A015AAF1B26BD270003BDDE = {
			isa = PBXGroup;
			children = (
				1A015ABA1B26BD270003BDDE /* V2P */,
				1A015ACE1B26BD270003BDDE /* V2PTests */,
				1A015AB91B26BD270003BDDE /* Products */,
			);
			sourceTree = "<group>";
		};
		1A015AB91B26BD270003BDDE /* Products */ = {
			isa = PBXGroup;
			children = (
				1A015AB81B26BD270003BDDE /* V2P.app */,
				1A015ACB1B26BD270003BDDE /* V2PTests.xctest */,
			);
			name = Products;
			sourceTree = "<group>";
		};
		1A015ABA1B26BD270003BDDE /* V2P */ = {
			isa = PBXGroup;
			children = (
				1A015ABD1B26BD270003BDDE /* AppDelegate.h */,
				1A015ABE1B26BD270003BDDE /* AppDelegate.m */,
				1A015AC21B26BD270003BDDE /* Images.xcassets */,
				1A015AC41B26BD270003BDDE /* MainMenu.xib */,
				1A015ABB1B26BD270003BDDE /* Supporting Files */,
			);
			path = V2P;
			sourceTree = "<group>";
		};
		1A015ABB1B26BD270003BDDE /* Supporting Files */ = {
			isa = PBXGroup;
			children = (
				1A015ABC1B26BD270003BDDE /* Info.plist */,
				1A015AC01B26BD270003BDDE /* main.m */,
			);
			name = "Supporting Files";
			sourceTree = "<group>";
		};
		1A015ACE1B26BD270003BDDE /* V2PTests */ = {
			isa = PBXGroup;
			children = (
				1A015AD11B26BD270003BDDE /* V2PTests.m */,
				1A015ACF1B26BD270003BDDE /* Supporting Files */,
			);
			path = V2PTests;
			sourceTree = "<group>";
		};
		1A015ACF1B26BD270003BDDE /* Supporting Files */ = {
			isa = PBXGroup;
			children = (
				1A015AD01B26BD270003BDDE /* Info.plist */,
			);
			name = "Supporting Files";
			sourceTree = "<group>";
		};
/* End PBXGroup section */

/* Begin PBXNativeTarget section */
		1A015AB71B26BD270003BDDE /* V2P */ = {
			isa = PBXNativeTarget;
			buildConfigurationList = 1A015AD51B26BD270003BDDE /* Build configuration list for PBXNativeTarget "V2P" */;
			buildPhases = (
				1A015AB41B26BD270003BDDE /* Sources */,
				1A015AB51B26BD270003BDDE /* Frameworks */,
				1A015AB61B26BD270003BDDE /* Resources */,
			);
			buildRules = (
			);
			dependencies = (
			);
			name = V2P;
			productName = V2P;
			productReference = 1A015AB81B26BD270003BDDE /* V2P.app */;
			productType = "com.apple.product-type.application";
		};
		1A015ACA1B26BD270003BDDE /* V2PTests */ = {
			isa = PBXNativeTarget;
			buildConfigurationList = 1A015AD81B26BD270003BDDE /* Build configuration list for PBXNativeTarget "V2PTests" */;
			buildPhases = (
				1A015AC71B26BD270003BDDE /* Sources */,
				1A015AC81B26BD270003BDDE /* Frameworks */,
				1A015AC91B26BD270003BDDE /* Resources */,
			);
			buildRules = (
			);
			dependencies = (
				1A015ACD1B26BD270003BDDE /* PBXTargetDependency */,
			);
			name = V2PTests;
			productName = V2PTests;
			productReference = 1A015ACB1B26BD270003BDDE /* V2PTests.xctest */;
			productType = "com.apple.product-type.bundle.unit-test";
		};
/* End PBXNativeTarget section */

/* Begin PBXProject section */
		1A015AB01B26BD270003BDDE /* Project object */ = {
			isa = PBXProject;
			attributes = {
				LastUpgradeCheck = 0630;
				ORGANIZATIONNAME = "woshizilong@hotmail.com";
				TargetAttributes = {
					1A015AB71B26BD270003BDDE = {
						CreatedOnToolsVersion = 6.3.2;
						DevelopmentTeam = 4V2FNB4UZR;
					};
					1A015ACA1B26BD270003BDDE = {
						CreatedOnToolsVersion = 6.3.2;
						TestTargetID = 1A015AB71B26BD270003BDDE;
					};
				};
			};
			buildConfigurationList = 1A015AB31B26BD270003BDDE /* Build configuration list for PBXProject "V2P" */;
			compatibilityVersion = "Xcode 3.2";
			developmentRegion = English;
			hasScannedForEncodings = 0;
			knownRegions = (
				en,
				Base,
			);
			mainGroup = 1A015AAF1B26BD270003BDDE;
			productRefGroup = 1A015AB91B26BD270003BDDE /* Products */;
			projectDirPath = "";
			projectRoot = "";
			targets = (
				1A015AB71B26BD270003BDDE /* V2P */,
				1A015ACA1B26BD270003BDDE /* V2PTests */,
			);
		};
/* End PBXProject section */

/* Begin PBXResourcesBuildPhase section */
		1A015AB61B26BD270003BDDE /* Resources */ = {
			isa = PBXResourcesBuildPhase;
			buildActionMask = 2147483647;
			files = (
				1A015AC31B26BD270003BDDE /* Images.xcassets in Resources */,
				1A015AC61B26BD270003BDDE /* MainMenu.xib in Resources */,
			);
			runOnlyForDeploymentPostprocessing = 0;
		};
		1A015AC91B26BD270003BDDE /* Resources */ = {
			isa = PBXResourcesBuildPhase;
			buildActionMask = 2147483647;
			files = (
			);
			runOnlyForDeploymentPostprocessing = 0;
		};
/* End PBXResourcesBuildPhase section */

/* Begin PBXSourcesBuildPhase section */
		1A015AB41B26BD270003BDDE /* Sources */ = {
			isa = PBXSourcesBuildPhase;
			buildActionMask = 2147483647;
			files = (
				1A015AC11B26BD270003BDDE /* main.m in Sources */,
				1A015ABF1B26BD270003BDDE /* AppDelegate.m in Sources */,
			);
			runOnlyForDeploymentPostprocessing = 0;
		};
		1A015AC71B26BD270003BDDE /* Sources */ = {
			isa = PBXSourcesBuildPhase;
			buildActionMask = 2147483647;
			files = (
				1A015AD21B26BD270003BDDE /* V2PTests.m in Sources */,
			);
			runOnlyForDeploymentPostprocessing = 0;
		};
/* End PBXSourcesBuildPhase section */

/* Begin PBXTargetDependency section */
		1A015ACD1B26BD270003BDDE /* PBXTargetDependency */ = {
			isa = PBXTargetDependency;
			target = 1A015AB71B26BD270003BDDE /* V2P */;
			targetProxy = 1A015ACC1B26BD270003BDDE /* PBXContainerItemProxy */;
		};
/* End PBXTargetDependency section */

/* Begin PBXVariantGroup section */
		1A015AC41B26BD270003BDDE /* MainMenu.xib */ = {
			isa = PBXVariantGroup;
			children = (
				1A015AC51B26BD270003BDDE /* Base */,
			);
			name = MainMenu.xib;
			sourceTree = "<group>";
		};
/* End PBXVariantGroup section */

/* Begin XCBuildConfiguration section */
		1A015AD31B26BD270003BDDE /* Debug */ = {
			isa = XCBuildConfiguration;
			buildSettings = {
				ALWAYS_SEARCH_USER_PATHS = NO;
				CLANG_CXX_LANGUAGE_STANDARD = "gnu++0x";
				CLANG_CXX_LIBRARY = "libc++";
				CLANG_ENABLE_MODULES = YES;
				CLANG_ENABLE_OBJC_ARC = YES;
				CLANG_WARN_BOOL_CONVERSION = YES;
				CLANG_WARN_CONSTANT_CONVERSION = YES;
				CLANG_WARN_DIRECT_OBJC_ISA_USAGE = YES_ERROR;
				CLANG_WARN_EMPTY_BODY = YES;
				CLANG_WARN_ENUM_CONVERSION = YES;
				CLANG_WARN_INT_CONVERSION = YES;
				CLANG_WARN_OBJC_ROOT_CLASS = YES_ERROR;
				CLANG_WARN_UNREACHABLE_CODE = YES;
				CLANG_WARN__DUPLICATE_METHOD_MATCH = YES;
				CODE_SIGN_IDENTITY = "-";
				COPY_PHASE_STRIP = NO;
				DEBUG_INFORMATION_FORMAT = dwarf;
				ENABLE_STRICT_OBJC_MSGSEND = YES;
				GCC_C_LANGUAGE_STANDARD = gnu99;
				GCC_DYNAMIC_NO_PIC = NO;
				GCC_NO_COMMON_BLOCKS = YES;
				GCC_OPTIMIZATION_LEVEL = 0;
				GCC_PREPROCESSOR_DEFINITIONS = (
					"DEBUG=1",
					"$(inherited)",
				);
				GCC_SYMBOLS_PRIVATE_EXTERN = NO;
				GCC_WARN_64_TO_32_BIT_CONVERSION = YES;
				GCC_WARN_ABOUT_RETURN_TYPE = YES_ERROR;
				GCC_WARN_UNDECLARED_SELECTOR = YES;
				GCC_WARN_UNINITIALIZED_AUTOS = YES_AGGRESSIVE;
				GCC_WARN_UNUSED_FUNCTION = YES;
				GCC_WARN_UNUSED_VARIABLE = YES;
				MACOSX_DEPLOYMENT_TARGET = 10.10;
				MTL_ENABLE_DEBUG_INFO = YES;
				ONLY_ACTIVE_ARCH = YES;
				SDKROOT = macosx;
			};
			name = Debug;
		};
		1A015AD41B26BD270003BDDE /* Release */ = {
			isa = XCBuildConfiguration;
			buildSettings = {
				ALWAYS_SEARCH_USER_PATHS = NO;
				CLANG_CXX_LANGUAGE_STANDARD = "gnu++0x";
				CLANG_CXX_LIBRARY = "libc++";
				CLANG_ENABLE_MODULES = YES;
				CLANG_ENABLE_OBJC_ARC = YES;
				CLANG_WARN_BOOL_CONVERSION = YES;
				CLANG_WARN_CONSTANT_CONVERSION = YES;
				CLANG_WARN_DIRECT_OBJC_ISA_USAGE = YES_ERROR;
				CLANG_WARN_EMPTY_BODY = YES;
				CLANG_WARN_ENUM_CONVERSION = YES;
				CLANG_WARN_INT_CONVERSION = YES;
				CLANG_WARN_OBJC_ROOT_CLASS = YES_ERROR;
				CLANG_WARN_UNREACHABLE_CODE = YES;
				CLANG_WARN__DUPLICATE_METHOD_MATCH = YES;
				CODE_SIGN_IDENTITY = "-";
				COPY_PHASE_STRIP = NO;
				DEBUG_INFORMATION_FORMAT = "dwarf-with-dsym";
				ENABLE_NS_ASSERTIONS = NO;
				ENABLE_STRICT_OBJC_MSGSEND = YES;
				GCC_C_LANGUAGE_STANDARD = gnu99;
				GCC_NO_COMMON_BLOCKS = YES;
				GCC_WARN_64_TO_32_BIT_CONVERSION = YES;
				GCC_WARN_ABOUT_RETURN_TYPE = YES_ERROR;
				GCC_WARN_UNDECLARED_SELECTOR = YES;
				GCC_WARN_UNINITIALIZED_AUTOS = YES_AGGRESSIVE;
				GCC_WARN_UNUSED_FUNCTION = YES;
				GCC_WARN_UNUSED_VARIABLE = YES;
				MACOSX_DEPLOYMENT_TARGET = 10.10;
				MTL_ENABLE_DEBUG_INFO = NO;
				SDKROOT = macosx;
			};
			name = Release;
		};
		1A015AD61B26BD270003BDDE /* Debug */ = {
			isa = XCBuildConfiguration;
			buildSettings = {
				ASSETCATALOG_COMPILER_APPICON_NAME = AppIcon;
				CODE_SIGN_IDENTITY = "Mac Developer";
				COMBINE_HIDPI_IMAGES = YES;
				INFOPLIST_FILE = V2P/Info.plist;
				LD_RUNPATH_SEARCH_PATHS = "$(inherited) @executable_path/../Frameworks";
				PRODUCT_NAME = "$(TARGET_NAME)";
			};
			name = Debug;
		};
		1A015AD71B26BD270003BDDE /* Release */ = {
			isa = XCBuildConfiguration;
			buildSettings = {
				ASSETCATALOG_COMPILER_APPICON_NAME = AppIcon;
				CODE_SIGN_IDENTITY = "Mac Developer";
				COMBINE_HIDPI_IMAGES = YES;
				INFOPLIST_FILE = V2P/Info.plist;
				LD_RUNPATH_SEARCH_PATHS = "$(inherited) @executable_path/../Frameworks";
				PRODUCT_NAME = "$(TARGET_NAME)";
			};
			name = Release;
		};
		1A015AD91B26BD270003BDDE /* Debug */ = {
			isa = XCBuildConfiguration;
			buildSettings = {
				BUNDLE_LOADER = "$(TEST_HOST)";
				COMBINE_HIDPI_IMAGES = YES;
				FRAMEWORK_SEARCH_PATHS = (
					"$(DEVELOPER_FRAMEWORKS_DIR)",
					"$(inherited)",
				);
				GCC_PREPROCESSOR_DEFINITIONS = (
					"DEBUG=1",
					"$(inherited)",
				);
				INFOPLIST_FILE = V2PTests/Info.plist;
				LD_RUNPATH_SEARCH_PATHS = "$(inherited) @executable_path/../Frameworks @loader_path/../Frameworks";
				PRODUCT_NAME = "$(TARGET_NAME)";
				TEST_HOST = "$(BUILT_PRODUCTS_DIR)/V2P.app/Contents/MacOS/V2P";
			};
			name = Debug;
		};
		1A015ADA1B26BD270003BDDE /* Release */ = {
			isa = XCBuildConfiguration;
			buildSettings = {
				BUNDLE_LOADER = "$(TEST_HOST)";
				COMBINE_HIDPI_IMAGES = YES;
				FRAMEWORK_SEARCH_PATHS = (
					"$(DEVELOPER_FRAMEWORKS_DIR)",
					"$(inherited)",
				);
				INFOPLIST_FILE = V2PTests/Info.plist;
				LD_RUNPATH_SEARCH_PATHS = "$(inherited) @executable_path/../Frameworks @loader_path/../Frameworks";
				PRODUCT_NAME = "$(TARGET_NAME)";
				TEST_HOST = "$(BUILT_PRODUCTS_DIR)/V2P.app/Contents/MacOS/V2P";
			};
			name = Release;
		};
/* End XCBuildConfiguration section */

/* Begin XCConfigurationList section */
		1A015AB31B26BD270003BDDE /* Build configuration list for PBXProject "V2P" */ = {
			isa = XCConfigurationList;
			buildConfigurations = (
				1A015AD31B26BD270003BDDE /* Debug */,
				1A015AD41B26BD270003BDDE /* Release */,
			);
			defaultConfigurationIsVisible = 0;
			defaultConfigurationName = Release;
		};
		1A015AD51B26BD270003BDDE /* Build configuration list for PBXNativeTarget "V2P" */ = {
			isa = XCConfigurationList;
			buildConfigurations = (
				1A015AD61B26BD270003BDDE /* Debug */,
				1A015AD71B26BD270003BDDE /* Release */,
			);
			defaultConfigurationIsVisible = 0;
		};
		1A015AD81B26BD270003BDDE /* Build configuration list for PBXNativeTarget "V2PTests" */ = {
			isa = XCConfigurationList;
			buildConfigurations = (
				1A015AD91B26BD270003BDDE /* Debug */,
				1A015ADA1B26BD270003BDDE /* Release */,
			);
			defaultConfigurationIsVisible = 0;
		};
/* End XCConfigurationList section */
	};
	rootObject = 1A015AB01B26BD270003BDDE /* Project object */;
}
